
Microsoft Visual Studio Solution File, Format Version 12.00
# Visual Studio Version 16
VisualStudioVersion = 16.0.29613.14
MinimumVisualStudioVersion = 10.0.40219.1
Project("{FAE04EC0-301F-11D3-BF4B-00C04F79EFBC}") = "Asp_Susan_Stefan-Claudiu_Rp", "Asp_Susan_Stefan-Claudiu_Rp\Asp_Susan_Stefan-Claudiu_Rp.csproj", "{B373C3F5-816A-47B2-9EB7-7220A0D336F1}"
EndProject
Global
	GlobalSection(SolutionConfigurationPlatforms) = preSolution
		Debug|Any CPU = Debug|Any CPU
		Release|Any CPU = Release|Any CPU
	EndGlobalSection
	GlobalSection(ProjectConfigurationPlatforms) = postSolution
		{B373C3F5-816A-47B2-9EB7-7220A0D336F1}.Debug|Any CPU.ActiveCfg = Debug|Any CPU
		{B373C3F5-816A-47B2-9EB7-7220A0D336F1}.Debug|Any CPU.Build.0 = Debug|Any CPU
		{B373C3F5-816A-47B2-9EB7-7220A0D336F1}.Release|Any CPU.ActiveCfg = Release|Any CPU
		{B373C3F5-816A-47B2-9EB7-7220A0D336F1}.Release|Any CPU.Build.0 = Release|Any CPU
	EndGlobalSection
	GlobalSection(SolutionProperties) = preSolution
		HideSolutionNode = FALSE
	EndGlobalSection
	GlobalSection(ExtensibilityGlobals) = postSolution
		SolutionGuid = {27A02DD0-782A-4B3F-8973-46D7CAB5DF74}
	EndGlobalSection
EndGlobal
